
Microsoft Visual Studio Solution File, Format Version 12.00
# Visual Studio Version 17
VisualStudioVersion = 17.14.36414.22 d17.14
MinimumVisualStudioVersion = 10.0.40219.1
Project("{FAE04EC0-301F-11D3-BF4B-00C04F79EFBC}") = "smrtlistgen", "smrtlistgen\smrtlistgen.csproj", "{A119E243-6DD7-4EEA-8F2A-AFA10CEB8FFE}"
EndProject
Global
	GlobalSection(SolutionConfigurationPlatforms) = preSolution
		Debug|Any CPU = Debug|Any CPU
		Release|Any CPU = Release|Any CPU
	EndGlobalSection
	GlobalSection(ProjectConfigurationPlatforms) = postSolution
		{A119E243-6DD7-4EEA-8F2A-AFA10CEB8FFE}.Debug|Any CPU.ActiveCfg = Debug|Any CPU
		{A119E243-6DD7-4EEA-8F2A-AFA10CEB8FFE}.Debug|Any CPU.Build.0 = Debug|Any CPU
		{A119E243-6DD7-4EEA-8F2A-AFA10CEB8FFE}.Release|Any CPU.ActiveCfg = Release|Any CPU
		{A119E243-6DD7-4EEA-8F2A-AFA10CEB8FFE}.Release|Any CPU.Build.0 = Release|Any CPU
	EndGlobalSection
	GlobalSection(SolutionProperties) = preSolution
		HideSolutionNode = FALSE
	EndGlobalSection
	GlobalSection(ExtensibilityGlobals) = postSolution
		SolutionGuid = {30F4C078-F615-4779-821B-84FAA820AA3D}
	EndGlobalSection
EndGlobal
